// !$*UTF8*$!
{
	archiveVersion = 1;
	classes = {
	};
	objectVersion = 50;
	objects = {

/* Begin PBXBuildFile section */
		2CCD724B2885B9B400DAF39B /* AppDelegate.swift in Sources */ = {isa = PBXBuildFile; fileRef = 2CCD724A2885B9B400DAF39B /* AppDelegate.swift */; };
		2CCD724D2885B9B400DAF39B /* SceneDelegate.swift in Sources */ = {isa = PBXBuildFile; fileRef = 2CCD724C2885B9B400DAF39B /* SceneDelegate.swift */; };
		2CCD72522885B9B400DAF39B /* Main.storyboard in Resources */ = {isa = PBXBuildFile; fileRef = 2CCD72502885B9B400DAF39B /* Main.storyboard */; };
		2CCD72552885B9B400DAF39B /* coreDataToDoPractice.xcdatamodeld in Sources */ = {isa = PBXBuildFile; fileRef = 2CCD72532885B9B400DAF39B /* coreDataToDoPractice.xcdatamodeld */; };
		2CCD72572885B9B800DAF39B /* Assets.xcassets in Resources */ = {isa = PBXBuildFile; fileRef = 2CCD72562885B9B800DAF39B /* Assets.xcassets */; };
		2CCD725A2885B9B800DAF39B /* LaunchScreen.storyboard in Resources */ = {isa = PBXBuildFile; fileRef = 2CCD72582885B9B800DAF39B /* LaunchScreen.storyboard */; };
		2CCD72642885BB0500DAF39B /* ToDo.swift in Sources */ = {isa = PBXBuildFile; fileRef = 2CCD72632885BB0500DAF39B /* ToDo.swift */; };
		2CCD72662885BB7200DAF39B /* ToDoTableViewController.swift in Sources */ = {isa = PBXBuildFile; fileRef = 2CCD72652885BB7200DAF39B /* ToDoTableViewController.swift */; };
		2CCD726828861E0700DAF39B /* AddToDoViewController.swift in Sources */ = {isa = PBXBuildFile; fileRef = 2CCD726728861E0700DAF39B /* AddToDoViewController.swift */; };
		2CCD726A2886237E00DAF39B /* CompleteToDoViewController.swift in Sources */ = {isa = PBXBuildFile; fileRef = 2CCD72692886237E00DAF39B /* CompleteToDoViewController.swift */; };
/* End PBXBuildFile section */

/* Begin PBXFileReference section */
		2CCD72472885B9B400DAF39B /* coreDataToDoPractice.app */ = {isa = PBXFileReference; explicitFileType = wrapper.application; includeInIndex = 0; path = coreDataToDoPractice.app; sourceTree = BUILT_PRODUCTS_DIR; };
		2CCD724A2885B9B400DAF39B /* AppDelegate.swift */ = {isa = PBXFileReference; lastKnownFileType = sourcecode.swift; path = AppDelegate.swift; sourceTree = "<group>"; };
		2CCD724C2885B9B400DAF39B /* SceneDelegate.swift */ = {isa = PBXFileReference; lastKnownFileType = sourcecode.swift; path = SceneDelegate.swift; sourceTree = "<group>"; };
		2CCD72512885B9B400DAF39B /* Base */ = {isa = PBXFileReference; lastKnownFileType = file.storyboard; name = Base; path = Base.lproj/Main.storyboard; sourceTree = "<group>"; };
		2CCD72542885B9B400DAF39B /* coreDataToDoPractice.xcdatamodel */ = {isa = PBXFileReference; lastKnownFileType = wrapper.xcdatamodel; path = coreDataToDoPractice.xcdatamodel; sourceTree = "<group>"; };
		2CCD72562885B9B800DAF39B /* Assets.xcassets */ = {isa = PBXFileReference; lastKnownFileType = folder.assetcatalog; path = Assets.xcassets; sourceTree = "<group>"; };
		2CCD72592885B9B800DAF39B /* Base */ = {isa = PBXFileReference; lastKnownFileType = file.storyboard; name = Base; path = Base.lproj/LaunchScreen.storyboard; sourceTree = "<group>"; };
		2CCD725B2885B9B800DAF39B /* Info.plist */ = {isa = PBXFileReference; lastKnownFileType = text.plist.xml; path = Info.plist; sourceTree = "<group>"; };
		2CCD72632885BB0500DAF39B /* ToDo.swift */ = {isa = PBXFileReference; lastKnownFileType = sourcecode.swift; path = ToDo.swift; sourceTree = "<group>"; };
		2CCD72652885BB7200DAF39B /* ToDoTableViewController.swift */ = {isa = PBXFileReference; lastKnownFileType = sourcecode.swift; path = ToDoTableViewController.swift; sourceTree = "<group>"; };
		2CCD726728861E0700DAF39B /* AddToDoViewController.swift */ = {isa = PBXFileReference; lastKnownFileType = sourcecode.swift; path = AddToDoViewController.swift; sourceTree = "<group>"; };
		2CCD72692886237E00DAF39B /* CompleteToDoViewController.swift */ = {isa = PBXFileReference; lastKnownFileType = sourcecode.swift; path = CompleteToDoViewController.swift; sourceTree = "<group>"; };
/* End PBXFileReference section */

/* Begin PBXFrameworksBuildPhase section */
		2CCD72442885B9B400DAF39B /* Frameworks */ = {
			isa = PBXFrameworksBuildPhase;
			buildActionMask = 2147483647;
			files = (
			);
			runOnlyForDeploymentPostprocessing = 0;
		};
/* End PBXFrameworksBuildPhase section */

/* Begin PBXGroup section */
		2CCD723E2885B9B300DAF39B = {
			isa = PBXGroup;
			children = (
				2CCD72492885B9B400DAF39B /* coreDataToDoPractice */,
				2CCD72482885B9B400DAF39B /* Products */,
			);
			sourceTree = "<group>";
		};
		2CCD72482885B9B400DAF39B /* Products */ = {
			isa = PBXGroup;
			children = (
				2CCD72472885B9B400DAF39B /* coreDataToDoPractice.app */,
			);
			name = Products;
			sourceTree = "<group>";
		};
		2CCD72492885B9B400DAF39B /* coreDataToDoPractice */ = {
			isa = PBXGroup;
			children = (
				2CCD724A2885B9B400DAF39B /* AppDelegate.swift */,
				2CCD724C2885B9B400DAF39B /* SceneDelegate.swift */,
				2CCD72502885B9B400DAF39B /* Main.storyboard */,
				2CCD72692886237E00DAF39B /* CompleteToDoViewController.swift */,
				2CCD726728861E0700DAF39B /* AddToDoViewController.swift */,
				2CCD72652885BB7200DAF39B /* ToDoTableViewController.swift */,
				2CCD72632885BB0500DAF39B /* ToDo.swift */,
				2CCD72562885B9B800DAF39B /* Assets.xcassets */,
				2CCD72582885B9B800DAF39B /* LaunchScreen.storyboard */,
				2CCD725B2885B9B800DAF39B /* Info.plist */,
				2CCD72532885B9B400DAF39B /* coreDataToDoPractice.xcdatamodeld */,
			);
			path = coreDataToDoPractice;
			sourceTree = "<group>";
		};
/* End PBXGroup section */

/* Begin PBXNativeTarget section */
		2CCD72462885B9B400DAF39B /* coreDataToDoPractice */ = {
			isa = PBXNativeTarget;
			buildConfigurationList = 2CCD725E2885B9B800DAF39B /* Build configuration list for PBXNativeTarget "coreDataToDoPractice" */;
			buildPhases = (
				2CCD72432885B9B400DAF39B /* Sources */,
				2CCD72442885B9B400DAF39B /* Frameworks */,
				2CCD72452885B9B400DAF39B /* Resources */,
			);
			buildRules = (
			);
			dependencies = (
			);
			name = coreDataToDoPractice;
			productName = coreDataToDoPractice;
			productReference = 2CCD72472885B9B400DAF39B /* coreDataToDoPractice.app */;
			productType = "com.apple.product-type.application";
		};
/* End PBXNativeTarget section */

/* Begin PBXProject section */
		2CCD723F2885B9B300DAF39B /* Project object */ = {
			isa = PBXProject;
			attributes = {
				LastSwiftUpdateCheck = 1250;
				LastUpgradeCheck = 1250;
				TargetAttributes = {
					2CCD72462885B9B400DAF39B = {
						CreatedOnToolsVersion = 12.5.1;
					};
				};
			};
			buildConfigurationList = 2CCD72422885B9B300DAF39B /* Build configuration list for PBXProject "coreDataToDoPractice" */;
			compatibilityVersion = "Xcode 9.3";
			developmentRegion = en;
			hasScannedForEncodings = 0;
			knownRegions = (
				en,
				Base,
			);
			mainGroup = 2CCD723E2885B9B300DAF39B;
			productRefGroup = 2CCD72482885B9B400DAF39B /* Products */;
			projectDirPath = "";
			projectRoot = "";
			targets = (
				2CCD72462885B9B400DAF39B /* coreDataToDoPractice */,
			);
		};
/* End PBXProject section */

/* Begin PBXResourcesBuildPhase section */
		2CCD72452885B9B400DAF39B /* Resources */ = {
			isa = PBXResourcesBuildPhase;
			buildActionMask = 2147483647;
			files = (
				2CCD725A2885B9B800DAF39B /* LaunchScreen.storyboard in Resources */,
				2CCD72572885B9B800DAF39B /* Assets.xcassets in Resources */,
				2CCD72522885B9B400DAF39B /* Main.storyboard in Resources */,
			);
			runOnlyForDeploymentPostprocessing = 0;
		};
/* End PBXResourcesBuildPhase section */

/* Begin PBXSourcesBuildPhase section */
		2CCD72432885B9B400DAF39B /* Sources */ = {
			isa = PBXSourcesBuildPhase;
			buildActionMask = 2147483647;
			files = (
				2CCD724B2885B9B400DAF39B /* AppDelegate.swift in Sources */,
				2CCD72642885BB0500DAF39B /* ToDo.swift in Sources */,
				2CCD724D2885B9B400DAF39B /* SceneDelegate.swift in Sources */,
				2CCD726A2886237E00DAF39B /* CompleteToDoViewController.swift in Sources */,
				2CCD72552885B9B400DAF39B /* coreDataToDoPractice.xcdatamodeld in Sources */,
				2CCD726828861E0700DAF39B /* AddToDoViewController.swift in Sources */,
				2CCD72662885BB7200DAF39B /* ToDoTableViewController.swift in Sources */,
			);
			runOnlyForDeploymentPostprocessing = 0;
		};
/* End PBXSourcesBuildPhase section */

/* Begin PBXVariantGroup section */
		2CCD72502885B9B400DAF39B /* Main.storyboard */ = {
			isa = PBXVariantGroup;
			children = (
				2CCD72512885B9B400DAF39B /* Base */,
			);
			name = Main.storyboard;
			sourceTree = "<group>";
		};
		2CCD72582885B9B800DAF39B /* LaunchScreen.storyboard */ = {
			isa = PBXVariantGroup;
			children = (
				2CCD72592885B9B800DAF39B /* Base */,
			);
			name = LaunchScreen.storyboard;
			sourceTree = "<group>";
		};
/* End PBXVariantGroup section */

/* Begin XCBuildConfiguration section */
		2CCD725C2885B9B800DAF39B /* Debug */ = {
			isa = XCBuildConfiguration;
			buildSettings = {
				ALWAYS_SEARCH_USER_PATHS = NO;
				CLANG_ANALYZER_NONNULL = YES;
				CLANG_ANALYZER_NUMBER_OBJECT_CONVERSION = YES_AGGRESSIVE;
				CLANG_CXX_LANGUAGE_STANDARD = "gnu++14";
				CLANG_CXX_LIBRARY = "libc++";
				CLANG_ENABLE_MODULES = YES;
				CLANG_ENABLE_OBJC_ARC = YES;
				CLANG_ENABLE_OBJC_WEAK = YES;
				CLANG_WARN_BLOCK_CAPTURE_AUTORELEASING = YES;
				CLANG_WARN_BOOL_CONVERSION = YES;
				CLANG_WARN_COMMA = YES;
				CLANG_WARN_CONSTANT_CONVERSION = YES;
				CLANG_WARN_DEPRECATED_OBJC_IMPLEMENTATIONS = YES;
				CLANG_WARN_DIRECT_OBJC_ISA_USAGE = YES_ERROR;
				CLANG_WARN_DOCUMENTATION_COMMENTS = YES;
				CLANG_WARN_EMPTY_BODY = YES;
				CLANG_WARN_ENUM_CONVERSION = YES;
				CLANG_WARN_INFINITE_RECURSION = YES;
				CLANG_WARN_INT_CONVERSION = YES;
				CLANG_WARN_NON_LITERAL_NULL_CONVERSION = YES;
				CLANG_WARN_OBJC_IMPLICIT_RETAIN_SELF = YES;
				CLANG_WARN_OBJC_LITERAL_CONVERSION = YES;
				CLANG_WARN_OBJC_ROOT_CLASS = YES_ERROR;
				CLANG_WARN_QUOTED_INCLUDE_IN_FRAMEWORK_HEADER = YES;
				CLANG_WARN_RANGE_LOOP_ANALYSIS = YES;
				CLANG_WARN_STRICT_PROTOTYPES = YES;
				CLANG_WARN_SUSPICIOUS_MOVE = YES;
				CLANG_WARN_UNGUARDED_AVAILABILITY = YES_AGGRESSIVE;
				CLANG_WARN_UNREACHABLE_CODE = YES;
				CLANG_WARN__DUPLICATE_METHOD_MATCH = YES;
				COPY_PHASE_STRIP = NO;
				DEBUG_INFORMATION_FORMAT = dwarf;
				ENABLE_STRICT_OBJC_MSGSEND = YES;
				ENABLE_TESTABILITY = YES;
				GCC_C_LANGUAGE_STANDARD = gnu11;
				GCC_DYNAMIC_NO_PIC = NO;
				GCC_NO_COMMON_BLOCKS = YES;
				GCC_OPTIMIZATION_LEVEL = 0;
				GCC_PREPROCESSOR_DEFINITIONS = (
					"DEBUG=1",
					"$(inherited)",
				);
				GCC_WARN_64_TO_32_BIT_CONVERSION = YES;
				GCC_WARN_ABOUT_RETURN_TYPE = YES_ERROR;
				GCC_WARN_UNDECLARED_SELECTOR = YES;
				GCC_WARN_UNINITIALIZED_AUTOS = YES_AGGRESSIVE;
				GCC_WARN_UNUSED_FUNCTION = YES;
				GCC_WARN_UNUSED_VARIABLE = YES;
				IPHONEOS_DEPLOYMENT_TARGET = 14.5;
				MTL_ENABLE_DEBUG_INFO = INCLUDE_SOURCE;
				MTL_FAST_MATH = YES;
				ONLY_ACTIVE_ARCH = YES;
				SDKROOT = iphoneos;
				SWIFT_ACTIVE_COMPILATION_CONDITIONS = DEBUG;
				SWIFT_OPTIMIZATION_LEVEL = "-Onone";
			};
			name = Debug;
		};
		2CCD725D2885B9B800DAF39B /* Release */ = {
			isa = XCBuildConfiguration;
			buildSettings = {
				ALWAYS_SEARCH_USER_PATHS = NO;
				CLANG_ANALYZER_NONNULL = YES;
				CLANG_ANALYZER_NUMBER_OBJECT_CONVERSION = YES_AGGRESSIVE;
				CLANG_CXX_LANGUAGE_STANDARD = "gnu++14";
				CLANG_CXX_LIBRARY = "libc++";
				CLANG_ENABLE_MODULES = YES;
				CLANG_ENABLE_OBJC_ARC = YES;
				CLANG_ENABLE_OBJC_WEAK = YES;
				CLANG_WARN_BLOCK_CAPTURE_AUTORELEASING = YES;
				CLANG_WARN_BOOL_CONVERSION = YES;
				CLANG_WARN_COMMA = YES;
				CLANG_WARN_CONSTANT_CONVERSION = YES;
				CLANG_WARN_DEPRECATED_OBJC_IMPLEMENTATIONS = YES;
				CLANG_WARN_DIRECT_OBJC_ISA_USAGE = YES_ERROR;
				CLANG_WARN_DOCUMENTATION_COMMENTS = YES;
				CLANG_WARN_EMPTY_BODY = YES;
				CLANG_WARN_ENUM_CONVERSION = YES;
				CLANG_WARN_INFINITE_RECURSION = YES;
				CLANG_WARN_INT_CONVERSION = YES;
				CLANG_WARN_NON_LITERAL_NULL_CONVERSION = YES;
				CLANG_WARN_OBJC_IMPLICIT_RETAIN_SELF = YES;
				CLANG_WARN_OBJC_LITERAL_CONVERSION = YES;
				CLANG_WARN_OBJC_ROOT_CLASS = YES_ERROR;
				CLANG_WARN_QUOTED_INCLUDE_IN_FRAMEWORK_HEADER = YES;
				CLANG_WARN_RANGE_LOOP_ANALYSIS = YES;
				CLANG_WARN_STRICT_PROTOTYPES = YES;
				CLANG_WARN_SUSPICIOUS_MOVE = YES;
				CLANG_WARN_UNGUARDED_AVAILABILITY = YES_AGGRESSIVE;
				CLANG_WARN_UNREACHABLE_CODE = YES;
				CLANG_WARN__DUPLICATE_METHOD_MATCH = YES;
				COPY_PHASE_STRIP = NO;
				DEBUG_INFORMATION_FORMAT = "dwarf-with-dsym";
				ENABLE_NS_ASSERTIONS = NO;
				ENABLE_STRICT_OBJC_MSGSEND = YES;
				GCC_C_LANGUAGE_STANDARD = gnu11;
				GCC_NO_COMMON_BLOCKS = YES;
				GCC_WARN_64_TO_32_BIT_CONVERSION = YES;
				GCC_WARN_ABOUT_RETURN_TYPE = YES_ERROR;
				GCC_WARN_UNDECLARED_SELECTOR = YES;
				GCC_WARN_UNINITIALIZED_AUTOS = YES_AGGRESSIVE;
				GCC_WARN_UNUSED_FUNCTION = YES;
				GCC_WARN_UNUSED_VARIABLE = YES;
				IPHONEOS_DEPLOYMENT_TARGET = 14.5;
				MTL_ENABLE_DEBUG_INFO = NO;
				MTL_FAST_MATH = YES;
				SDKROOT = iphoneos;
				SWIFT_COMPILATION_MODE = wholemodule;
				SWIFT_OPTIMIZATION_LEVEL = "-O";
				VALIDATE_PRODUCT = YES;
			};
			name = Release;
		};
		2CCD725F2885B9B800DAF39B /* Debug */ = {
			isa = XCBuildConfiguration;
			buildSettings = {
				ASSETCATALOG_COMPILER_APPICON_NAME = AppIcon;
				ASSETCATALOG_COMPILER_GLOBAL_ACCENT_COLOR_NAME = AccentColor;
				CODE_SIGN_STYLE = Automatic;
				INFOPLIST_FILE = coreDataToDoPractice/Info.plist;
				LD_RUNPATH_SEARCH_PATHS = (
					"$(inherited)",
					"@executable_path/Frameworks",
				);
				PRODUCT_BUNDLE_IDENTIFIER = makiPaige.coreDataToDoPractice;
				PRODUCT_NAME = "$(TARGET_NAME)";
				SWIFT_VERSION = 5.0;
				TARGETED_DEVICE_FAMILY = "1,2";
			};
			name = Debug;
		};
		2CCD72602885B9B800DAF39B /* Release */ = {
			isa = XCBuildConfiguration;
			buildSettings = {
				ASSETCATALOG_COMPILER_APPICON_NAME = AppIcon;
				ASSETCATALOG_COMPILER_GLOBAL_ACCENT_COLOR_NAME = AccentColor;
				CODE_SIGN_STYLE = Automatic;
				INFOPLIST_FILE = coreDataToDoPractice/Info.plist;
				LD_RUNPATH_SEARCH_PATHS = (
					"$(inherited)",
					"@executable_path/Frameworks",
				);
				PRODUCT_BUNDLE_IDENTIFIER = makiPaige.coreDataToDoPractice;
				PRODUCT_NAME = "$(TARGET_NAME)";
				SWIFT_VERSION = 5.0;
				TARGETED_DEVICE_FAMILY = "1,2";
			};
			name = Release;
		};
/* End XCBuildConfiguration section */

/* Begin XCConfigurationList section */
		2CCD72422885B9B300DAF39B /* Build configuration list for PBXProject "coreDataToDoPractice" */ = {
			isa = XCConfigurationList;
			buildConfigurations = (
				2CCD725C2885B9B800DAF39B /* Debug */,
				2CCD725D2885B9B800DAF39B /* Release */,
			);
			defaultConfigurationIsVisible = 0;
			defaultConfigurationName = Release;
		};
		2CCD725E2885B9B800DAF39B /* Build configuration list for PBXNativeTarget "coreDataToDoPractice" */ = {
			isa = XCConfigurationList;
			buildConfigurations = (
				2CCD725F2885B9B800DAF39B /* Debug */,
				2CCD72602885B9B800DAF39B /* Release */,
			);
			defaultConfigurationIsVisible = 0;
			defaultConfigurationName = Release;
		};
/* End XCConfigurationList section */

/* Begin XCVersionGroup section */
		2CCD72532885B9B400DAF39B /* coreDataToDoPractice.xcdatamodeld */ = {
			isa = XCVersionGroup;
			children = (
				2CCD72542885B9B400DAF39B /* coreDataToDoPractice.xcdatamodel */,
			);
			currentVersion = 2CCD72542885B9B400DAF39B /* coreDataToDoPractice.xcdatamodel */;
			path = coreDataToDoPractice.xcdatamodeld;
			sourceTree = "<group>";
			versionGroupType = wrapper.xcdatamodel;
		};
/* End XCVersionGroup section */
	};
	rootObject = 2CCD723F2885B9B300DAF39B /* Project object */;
}
